schema: '2.0'
stages:
  preprocess:
    cmd: python src/preprocess.py data/train.csv data/clean_train.csv
    deps:
    - path: data/train.csv
      hash: md5
      md5: 3bc055a1d2cca0386fa2d03864fe9b0a
      size: 38013
    - path: src/preprocess.py
      hash: md5
      md5: 8b1ec4a558e3ed09459d33a7d5edf595
      size: 1149
    params:
      params.yaml:
        train.random_state: 42
        train.test_size: 0.2
    outs:
    - path: data/clean_train.csv
      hash: md5
      md5: 1d25774c3c64311a427efe4079869388
      size: 51736
  train:
    cmd: python src/train.py data/clean_train.csv models/model.pkl
    deps:
    - path: data/clean_train.csv
      hash: md5
      md5: 1d25774c3c64311a427efe4079869388
      size: 51736
    - path: src/train.py
      hash: md5
      md5: 70e33e7e9cddc350ca63ce9e37473084
      size: 1224
    params:
      params.yaml:
        train.n_estimators: 100
        train.random_state: 42
        train.test_size: 0.2
    outs:
    - path: models/model.pkl
      hash: md5
      md5: 52cda93f816dbf8f797f01cdb7dbc915
      size: 1844477
